
Microsoft Visual Studio Solution File, Format Version 12.00
# Visual Studio Version 17
VisualStudioVersion = 17.0.31903.59
MinimumVisualStudioVersion = 10.0.40219.1
Project("{2150E333-8FDC-42A3-9474-1A3956D46DE8}") = "src", "src", "{72307511-F6CA-46A4-B4E2-B63D8354F314}"
EndProject
Project("{FAE04EC0-301F-11D3-BF4B-00C04F79EFBC}") = "CAP.BSP.DSP.Domain", "src\CAP.BSP.DSP.Domain\CAP.BSP.DSP.Domain.csproj", "{D03EF50D-70A8-4570-A661-D21EA21D2C42}"
EndProject
Project("{FAE04EC0-301F-11D3-BF4B-00C04F79EFBC}") = "CAP.BSP.DSP.Application", "src\CAP.BSP.DSP.Application\CAP.BSP.DSP.Application.csproj", "{E765A038-F0AE-4A62-A5A2-6283CE6F7946}"
EndProject
Project("{FAE04EC0-301F-11D3-BF4B-00C04F79EFBC}") = "CAP.BSP.DSP.Infrastructure", "src\CAP.BSP.DSP.Infrastructure\CAP.BSP.DSP.Infrastructure.csproj", "{C6BD67DB-B03F-461C-ABD2-E35B8DE02919}"
EndProject
Project("{FAE04EC0-301F-11D3-BF4B-00C04F79EFBC}") = "CAP.BSP.DSP.Functions", "src\CAP.BSP.DSP.Functions\CAP.BSP.DSP.Functions.csproj", "{E1C90031-7B19-42EC-97D1-4A028A1E116F}"
EndProject
Project("{2150E333-8FDC-42A3-9474-1A3956D46DE8}") = "tests", "tests", "{D6EC665C-6D36-440C-831B-C85DD8B089B0}"
EndProject
Project("{FAE04EC0-301F-11D3-BF4B-00C04F79EFBC}") = "CAP.BSP.DSP.Domain.Tests", "tests\CAP.BSP.DSP.Domain.Tests\CAP.BSP.DSP.Domain.Tests.csproj", "{3771334D-59AD-44F8-90BA-D098FAD8637F}"
EndProject
Project("{FAE04EC0-301F-11D3-BF4B-00C04F79EFBC}") = "CAP.BSP.DSP.Application.Tests", "tests\CAP.BSP.DSP.Application.Tests\CAP.BSP.DSP.Application.Tests.csproj", "{E984033F-D6F3-487F-9FEE-817D3F935498}"
EndProject
Project("{FAE04EC0-301F-11D3-BF4B-00C04F79EFBC}") = "CAP.BSP.DSP.Integration.Tests", "tests\CAP.BSP.DSP.Integration.Tests\CAP.BSP.DSP.Integration.Tests.csproj", "{359405B1-23E5-4B01-BB7F-369FFCE1B3F9}"
EndProject
Project("{FAE04EC0-301F-11D3-BF4B-00C04F79EFBC}") = "CAP.BSP.DSP.Contract.Tests", "tests\CAP.BSP.DSP.Contract.Tests\CAP.BSP.DSP.Contract.Tests.csproj", "{FD4F8FD0-FF2B-45AC-9F56-5DB091B32A01}"
EndProject
Project("{FAE04EC0-301F-11D3-BF4B-00C04F79EFBC}") = "CAP.BSP.DSP.Architecture.Tests", "tests\CAP.BSP.DSP.Architecture.Tests\CAP.BSP.DSP.Architecture.Tests.csproj", "{7FAFFCBC-5F35-4CD8-8CF4-DECBFAAFD9BD}"
EndProject
Project("{FAE04EC0-301F-11D3-BF4B-00C04F79EFBC}") = "CAP.BSP.DSP.Infrastructure.Tests", "tests\CAP.BSP.DSP.Infrastructure.Tests\CAP.BSP.DSP.Infrastructure.Tests.csproj", "{0F7E3FD7-9087-4814-8C51-D4D1A293C82F}"
EndProject
Global
	GlobalSection(SolutionConfigurationPlatforms) = preSolution
		Debug|Any CPU = Debug|Any CPU
		Release|Any CPU = Release|Any CPU
	EndGlobalSection
	GlobalSection(SolutionProperties) = preSolution
		HideSolutionNode = FALSE
	EndGlobalSection
	GlobalSection(ProjectConfigurationPlatforms) = postSolution
		{D03EF50D-70A8-4570-A661-D21EA21D2C42}.Debug|Any CPU.ActiveCfg = Debug|Any CPU
		{D03EF50D-70A8-4570-A661-D21EA21D2C42}.Debug|Any CPU.Build.0 = Debug|Any CPU
		{D03EF50D-70A8-4570-A661-D21EA21D2C42}.Release|Any CPU.ActiveCfg = Release|Any CPU
		{D03EF50D-70A8-4570-A661-D21EA21D2C42}.Release|Any CPU.Build.0 = Release|Any CPU
		{E765A038-F0AE-4A62-A5A2-6283CE6F7946}.Debug|Any CPU.ActiveCfg = Debug|Any CPU
		{E765A038-F0AE-4A62-A5A2-6283CE6F7946}.Debug|Any CPU.Build.0 = Debug|Any CPU
		{E765A038-F0AE-4A62-A5A2-6283CE6F7946}.Release|Any CPU.ActiveCfg = Release|Any CPU
		{E765A038-F0AE-4A62-A5A2-6283CE6F7946}.Release|Any CPU.Build.0 = Release|Any CPU
		{C6BD67DB-B03F-461C-ABD2-E35B8DE02919}.Debug|Any CPU.ActiveCfg = Debug|Any CPU
		{C6BD67DB-B03F-461C-ABD2-E35B8DE02919}.Debug|Any CPU.Build.0 = Debug|Any CPU
		{C6BD67DB-B03F-461C-ABD2-E35B8DE02919}.Release|Any CPU.ActiveCfg = Release|Any CPU
		{C6BD67DB-B03F-461C-ABD2-E35B8DE02919}.Release|Any CPU.Build.0 = Release|Any CPU
		{E1C90031-7B19-42EC-97D1-4A028A1E116F}.Debug|Any CPU.ActiveCfg = Debug|Any CPU
		{E1C90031-7B19-42EC-97D1-4A028A1E116F}.Debug|Any CPU.Build.0 = Debug|Any CPU
		{E1C90031-7B19-42EC-97D1-4A028A1E116F}.Release|Any CPU.ActiveCfg = Release|Any CPU
		{E1C90031-7B19-42EC-97D1-4A028A1E116F}.Release|Any CPU.Build.0 = Release|Any CPU
		{3771334D-59AD-44F8-90BA-D098FAD8637F}.Debug|Any CPU.ActiveCfg = Debug|Any CPU
		{3771334D-59AD-44F8-90BA-D098FAD8637F}.Debug|Any CPU.Build.0 = Debug|Any CPU
		{3771334D-59AD-44F8-90BA-D098FAD8637F}.Release|Any CPU.ActiveCfg = Release|Any CPU
		{3771334D-59AD-44F8-90BA-D098FAD8637F}.Release|Any CPU.Build.0 = Release|Any CPU
		{E984033F-D6F3-487F-9FEE-817D3F935498}.Debug|Any CPU.ActiveCfg = Debug|Any CPU
		{E984033F-D6F3-487F-9FEE-817D3F935498}.Debug|Any CPU.Build.0 = Debug|Any CPU
		{E984033F-D6F3-487F-9FEE-817D3F935498}.Release|Any CPU.ActiveCfg = Release|Any CPU
		{E984033F-D6F3-487F-9FEE-817D3F935498}.Release|Any CPU.Build.0 = Release|Any CPU
		{359405B1-23E5-4B01-BB7F-369FFCE1B3F9}.Debug|Any CPU.ActiveCfg = Debug|Any CPU
		{359405B1-23E5-4B01-BB7F-369FFCE1B3F9}.Debug|Any CPU.Build.0 = Debug|Any CPU
		{359405B1-23E5-4B01-BB7F-369FFCE1B3F9}.Release|Any CPU.ActiveCfg = Release|Any CPU
		{359405B1-23E5-4B01-BB7F-369FFCE1B3F9}.Release|Any CPU.Build.0 = Release|Any CPU
		{FD4F8FD0-FF2B-45AC-9F56-5DB091B32A01}.Debug|Any CPU.ActiveCfg = Debug|Any CPU
		{FD4F8FD0-FF2B-45AC-9F56-5DB091B32A01}.Debug|Any CPU.Build.0 = Debug|Any CPU
		{FD4F8FD0-FF2B-45AC-9F56-5DB091B32A01}.Release|Any CPU.ActiveCfg = Release|Any CPU
		{FD4F8FD0-FF2B-45AC-9F56-5DB091B32A01}.Release|Any CPU.Build.0 = Release|Any CPU
		{7FAFFCBC-5F35-4CD8-8CF4-DECBFAAFD9BD}.Debug|Any CPU.ActiveCfg = Debug|Any CPU
		{7FAFFCBC-5F35-4CD8-8CF4-DECBFAAFD9BD}.Debug|Any CPU.Build.0 = Debug|Any CPU
		{7FAFFCBC-5F35-4CD8-8CF4-DECBFAAFD9BD}.Release|Any CPU.ActiveCfg = Release|Any CPU
		{7FAFFCBC-5F35-4CD8-8CF4-DECBFAAFD9BD}.Release|Any CPU.Build.0 = Release|Any CPU
		{0F7E3FD7-9087-4814-8C51-D4D1A293C82F}.Debug|Any CPU.ActiveCfg = Debug|Any CPU
		{0F7E3FD7-9087-4814-8C51-D4D1A293C82F}.Debug|Any CPU.Build.0 = Debug|Any CPU
		{0F7E3FD7-9087-4814-8C51-D4D1A293C82F}.Release|Any CPU.ActiveCfg = Release|Any CPU
		{0F7E3FD7-9087-4814-8C51-D4D1A293C82F}.Release|Any CPU.Build.0 = Release|Any CPU
	EndGlobalSection
	GlobalSection(NestedProjects) = preSolution
		{D03EF50D-70A8-4570-A661-D21EA21D2C42} = {72307511-F6CA-46A4-B4E2-B63D8354F314}
		{E765A038-F0AE-4A62-A5A2-6283CE6F7946} = {72307511-F6CA-46A4-B4E2-B63D8354F314}
		{C6BD67DB-B03F-461C-ABD2-E35B8DE02919} = {72307511-F6CA-46A4-B4E2-B63D8354F314}
		{E1C90031-7B19-42EC-97D1-4A028A1E116F} = {72307511-F6CA-46A4-B4E2-B63D8354F314}
		{3771334D-59AD-44F8-90BA-D098FAD8637F} = {D6EC665C-6D36-440C-831B-C85DD8B089B0}
		{E984033F-D6F3-487F-9FEE-817D3F935498} = {D6EC665C-6D36-440C-831B-C85DD8B089B0}
		{359405B1-23E5-4B01-BB7F-369FFCE1B3F9} = {D6EC665C-6D36-440C-831B-C85DD8B089B0}
		{FD4F8FD0-FF2B-45AC-9F56-5DB091B32A01} = {D6EC665C-6D36-440C-831B-C85DD8B089B0}
		{7FAFFCBC-5F35-4CD8-8CF4-DECBFAAFD9BD} = {D6EC665C-6D36-440C-831B-C85DD8B089B0}
		{0F7E3FD7-9087-4814-8C51-D4D1A293C82F} = {D6EC665C-6D36-440C-831B-C85DD8B089B0}
	EndGlobalSection
EndGlobal
